--- 
dependencies: 
  test-unit: 
    group: 
    - :test
    version: ">= 2.0"
    require: 
    - test/unit
  compass: 
    group: 
    - :default
    version: = 0.10.2
  rr: 
    group: 
    - :test
    version: ">= 0"
  pg: 
    group: 
    - :production
    version: ">= 0"
  rails: 
    group: 
    - :default
    version: = 2.3.8
  haml: 
    group: 
    - :default
    version: = 3.0.6
  authlogic: 
    group: 
    - :default
    version: ">= 0"
  sqlite3-ruby: 
    group: 
    - :development
    - :test
    version: ">= 0"
    require: 
    - sqlite3
  jrails: 
    group: 
    - :default
    version: ">= 0"
  shoulda: 
    group: 
    - :test
    version: ">= 0"
  factory_girl: 
    group: 
    - :test
    version: ">= 0"
  will_paginate: 
    group: 
    - :default
    version: ">= 0"
  picasa: 
    group: 
    - :default
    version: ">= 0.1.9"
  hoptoad_notifier: 
    group: 
    - :default
    version: ">= 0"
  RedCloth: 
    group: 
    - :default
    version: ">= 0"
    require: 
    - redcloth
  xml-simple: 
    group: 
    - :default
    version: ">= 0"
    require: 
    - xmlsimple
specs: 
- rake: 
    version: 0.8.7
- RedCloth: 
    version: 4.2.3
- activesupport: 
    version: 2.3.8
- rack: 
    version: 1.1.0
- actionpack: 
    version: 2.3.8
- actionmailer: 
    version: 2.3.8
- activerecord: 
    version: 2.3.8
- activeresource: 
    version: 2.3.8
- authlogic: 
    version: 2.1.5
- haml: 
    version: 3.0.6
- compass: 
    version: 0.10.2
- factory_girl: 
    version: 1.2.4
- hoptoad_notifier: 
    version: 2.2.2
- jrails: 
    version: 0.6.0
- pg: 
    version: 0.9.0
- xml-simple: 
    version: 1.0.12
- picasa: 
    version: 0.2.1
- rails: 
    version: 2.3.8
- rr: 
    version: 0.10.11
- shoulda: 
    version: 2.10.3
- sqlite3-ruby: 
    version: 1.2.5
- test-unit: 
    version: 2.0.7
- will_paginate: 
    version: 2.3.14
hash: a76eec60bd91025209e642ba5553fce04e80ab09
sources: 
- Rubygems: 
    uri: http://rubygems.org
