--- 
dependencies: 
  test-unit: 
    group: 
    - :test
    version: ">= 2.0"
    require: 
    - test/unit
  compass: 
    group: 
    - :default
    version: ">= 0.10.2"
  rr: 
    group: 
    - :test
    version: ">= 0"
  pg: 
    group: 
    - :production
    version: ">= 0"
  rails: 
    group: 
    - :default
    version: = 2.3.8
  authlogic: 
    group: 
    - :default
    version: ">= 0"
  haml: 
    group: 
    - :default
    version: ">= 3.0.9"
  sqlite3-ruby: 
    group: 
    - :development
    - :test
    version: ">= 0"
    require: 
    - sqlite3
  jrails: 
    group: 
    - :default
    version: ">= 0"
  shoulda: 
    group: 
    - :test
    version: ">= 0"
  factory_girl: 
    group: 
    - :test
    version: ">= 0"
  will_paginate: 
    group: 
    - :default
    version: ">= 0"
  erubis: 
    group: 
    - :default
    version: ">= 0"
  simple_form: 
    group: 
    - :default
    version: ">= 0"
  picasa: 
    group: 
    - :default
    version: ">= 0.1.9"
  hoptoad_notifier: 
    group: 
    - :default
    version: ">= 0"
  RedCloth: 
    group: 
    - :default
    version: ">= 0"
    require: 
    - redcloth
  xml-simple: 
    group: 
    - :default
    version: ">= 0"
    require: 
    - xmlsimple
specs: 
- rake: 
    version: 0.8.7
- RedCloth: 
    version: 4.2.3
- abstract: 
    version: 1.0.0
- activesupport: 
    version: 2.3.8
- rack: 
    version: 1.1.0
- actionpack: 
    version: 2.3.8
- actionmailer: 
    version: 2.3.8
- activerecord: 
    version: 2.3.8
- activeresource: 
    version: 2.3.8
- authlogic: 
    version: 2.1.5
- haml: 
    version: 3.0.9
- compass: 
    version: 0.10.2
- erubis: 
    version: 2.6.5
- factory_girl: 
    version: 1.2.4
- hoptoad_notifier: 
    version: 2.2.6
- jrails: 
    version: 0.6.0
- pg: 
    version: 0.9.0
- xml-simple: 
    version: 1.0.12
- picasa: 
    version: 0.2.1
- rails: 
    version: 2.3.8
- rr: 
    version: 0.10.11
- shoulda: 
    version: 2.10.3
- simple_form: 
    version: 1.0.0
    source: 0
- sqlite3-ruby: 
    version: 1.2.5
- test-unit: 
    version: 2.0.9
- will_paginate: 
    version: 2.3.14
hash: a7f68821d1f28b3e5fac254f2614cff2f5ff913f
sources: 
- Git: 
    uri: git://github.com/plataformatec/simple_form.git
    branch: v1.0
    git: git://github.com/plataformatec/simple_form.git
    ref: 1f288c0b7ca213d2402ef9e62dbefe82dcaa8b7c
- Rubygems: 
    uri: http://rubygems.org
